{
  "nodes": {
    "home-manager": {
      "inputs": {
        "nixpkgs": [
          "nixpkgs"
        ]
      },
      "locked": {
        "lastModified": 1766553861,
        "narHash": "sha256-ZbnG01yA3O8Yr1vUm3+NQ2qk9iRhS5bloAnuXHHy7+c=",
        "owner": "nix-community",
        "repo": "home-manager",
        "rev": "0999ed8f965bbbd991437ad9c5ed3434cecbc30e",
        "type": "github"
      },
      "original": {
        "owner": "nix-community",
        "ref": "release-25.11",
        "repo": "home-manager",
        "type": "github"
      }
    },
    "nix-darwin": {
      "inputs": {
        "nixpkgs": [
          "nixpkgs"
        ]
      },
      "locked": {
        "lastModified": 1765066094,
        "narHash": "sha256-0YSU35gfRFJzx/lTGgOt6ubP8K6LeW0vaywzNNqxkl4=",
        "owner": "nix-darwin",
        "repo": "nix-darwin",
        "rev": "688427b1aab9afb478ca07989dc754fa543e03d5",
        "type": "github"
      },
      "original": {
        "owner": "nix-darwin",
        "ref": "nix-darwin-25.11",
        "repo": "nix-darwin",
        "type": "github"
      }
    },
    "nixpkgs": {
      "locked": {
        "lastModified": 1766705440,
        "narHash": "sha256-aPVy95yBGDNJ5rqR+gxSbIoi+p3g8rfyi8h9ckxg+HU=",
        "owner": "NixOS",
        "repo": "nixpkgs",
        "rev": "5b312a6495bbfc1bd8f68a47571bb62919165623",
        "type": "github"
      },
      "original": {
        "owner": "NixOS",
        "ref": "nixpkgs-25.11-darwin",
        "repo": "nixpkgs",
        "type": "github"
      }
    },
    "nixpkgs-unstable": {
      "locked": {
        "lastModified": 1766653575,
        "narHash": "sha256-TPgxCS7+hWc4kPhzkU5dD2M5UuPhLuuaMNZ/IpwKQvI=",
        "owner": "NixOS",
        "repo": "nixpkgs",
        "rev": "3c1016e6acd16ad96053116d0d3043029c9e2649",
        "type": "github"
      },
      "original": {
        "owner": "NixOS",
        "ref": "nixpkgs-unstable",
        "repo": "nixpkgs",
        "type": "github"
      }
    },
    "private": {
      "flake": false,
      "locked": {
        "lastModified": 1766732131,
        "narHash": "sha256-78Y6rdgFpT59gJibvHrHwSK2oKfswpgz7DOf3sq7Fow=",
        "ref": "refs/heads/main",
        "rev": "e884141bb014adb790f4291e8785fbb0dfd03da5",
        "revCount": 4,
        "type": "git",
        "url": "file:./private"
      },
      "original": {
        "type": "git",
        "url": "file:./private"
      }
    },
    "root": {
      "inputs": {
        "home-manager": "home-manager",
        "nix-darwin": "nix-darwin",
        "nixpkgs": "nixpkgs",
        "nixpkgs-unstable": "nixpkgs-unstable",
        "private": "private"
      }
    }
  },
  "root": "root",
  "version": 7
}
